{
  "name": "@writetome51/unsubscribe-on-destroy-component",
  "version": "1.0.0",
  "lockfileVersion": 1,
  "requires": true,
  "dependencies": {
    "@writetome51/base-class": {
      "version": "0.0.2",
      "resolved": "https://registry.npmjs.org/@writetome51/base-class/-/base-class-0.0.2.tgz",
      "integrity": "sha512-ILp2+5S3nEo8tNrzrAesYibRQCrlWNW86GJlS/RDgK8LMXCSc6QYcKd6MCOM4r9zRwSfOUzMXG2eZWdy66WkIw=="
    },
    "rxjs": {
      "version": "5.5.12",
      "resolved": "https://registry.npmjs.org/rxjs/-/rxjs-5.5.12.tgz",
      "integrity": "sha512-xx2itnL5sBbqeeiVgNPVuQQ1nC8Jp2WfNJhXWHmElW9YmrpS9UVnNzhP3EH3HFqexO5Tlp8GhYY+WEcqcVMvGw==",
      "requires": {
        "symbol-observable": "1.0.1"
      }
    },
    "symbol-observable": {
      "version": "1.0.1",
      "resolved": "https://registry.npmjs.org/symbol-observable/-/symbol-observable-1.0.1.tgz",
      "integrity": "sha1-g0D8RwLDEi310iKI+IKD9RPT/dQ="
    },
    "typescript": {
      "version": "3.2.2",
      "resolved": "https://registry.npmjs.org/typescript/-/typescript-3.2.2.tgz",
      "integrity": "sha512-VCj5UiSyHBjwfYacmDuc/NOk4QQixbE+Wn7MFJuS0nRuPQbof132Pw4u53dm264O8LPc2MVsc7RJNml5szurkg==",
      "dev": true
    }
  }
}
